
Microsoft Visual Studio Solution File, Format Version 12.00
# Visual Studio Version 16
VisualStudioVersion = 16.0.29911.84
MinimumVisualStudioVersion = 10.0.40219.1
Project("{FAE04EC0-301F-11D3-BF4B-00C04F79EFBC}") = "TCPclientAndTcpLisenter", "TCPclientAndTcpLisenter.csproj", "{AC9F7800-5E36-4499-B8B9-C5391F74B3A4}"
EndProject
Global
	GlobalSection(SolutionConfigurationPlatforms) = preSolution
		Debug|Any CPU = Debug|Any CPU
		Release|Any CPU = Release|Any CPU
	EndGlobalSection
	GlobalSection(ProjectConfigurationPlatforms) = postSolution
		{AC9F7800-5E36-4499-B8B9-C5391F74B3A4}.Debug|Any CPU.ActiveCfg = Debug|Any CPU
		{AC9F7800-5E36-4499-B8B9-C5391F74B3A4}.Debug|Any CPU.Build.0 = Debug|Any CPU
		{AC9F7800-5E36-4499-B8B9-C5391F74B3A4}.Release|Any CPU.ActiveCfg = Release|Any CPU
		{AC9F7800-5E36-4499-B8B9-C5391F74B3A4}.Release|Any CPU.Build.0 = Release|Any CPU
	EndGlobalSection
	GlobalSection(SolutionProperties) = preSolution
		HideSolutionNode = FALSE
	EndGlobalSection
	GlobalSection(ExtensibilityGlobals) = postSolution
		SolutionGuid = {0E663DA9-5D91-4FDD-A9E7-58D3D1EF474F}
	EndGlobalSection
EndGlobal
